# This file is automatically @generated by Cargo.
# It is not intended for manual editing.
version = 4

[[package]]
name = "arrayvec"
version = "0.7.6"
source = "registry+https://github.com/rust-lang/crates.io-index"
checksum = "7c02d123df017efcdfbd739ef81735b36c5ba83ec3c59c80a9d7ecc718f92e50"

[[package]]
name = "colored_pants"
version = "0.1.0"
dependencies = [
 "arrayvec",
 "const_for",
]

[[package]]
name = "const_for"
version = "0.1.5"
source = "registry+https://github.com/rust-lang/crates.io-index"
checksum = "d9c50fcfdf972929aff202c16b80086aa3cfc6a3a820af714096c58c7c1d0582"
